{
  "name": "goeating-data-generation",
  "version": "1.0.0",
  "lockfileVersion": 1,
  "requires": true,
  "dependencies": {
    "moment-random": {
      "version": "1.0.5",
      "resolved": "https://registry.npmjs.org/moment-random/-/moment-random-1.0.5.tgz",
      "integrity": "sha512-zToKMGkYQyjTaDSKOUvnOTgSEr7f9wEDe1EuJ6Q3bxu09FSWninC0Ba9HLyWa3kzi/wVcWc0tMrI+gioXkw1ag=="
    }
  }
}
